
Microsoft Visual Studio Solution File, Format Version 12.00
# Visual Studio Version 16
VisualStudioVersion = 16.0.30011.22
MinimumVisualStudioVersion = 10.0.40219.1
Project("{FAE04EC0-301F-11D3-BF4B-00C04F79EFBC}") = "AspNetCoreSamole", "AspNetCoreSamole\AspNetCoreSamole.csproj", "{C84DA391-E52B-4757-B50E-855F5D7DB3A3}"
EndProject
Global
	GlobalSection(SolutionConfigurationPlatforms) = preSolution
		Debug|Any CPU = Debug|Any CPU
		Release|Any CPU = Release|Any CPU
	EndGlobalSection
	GlobalSection(ProjectConfigurationPlatforms) = postSolution
		{C84DA391-E52B-4757-B50E-855F5D7DB3A3}.Debug|Any CPU.ActiveCfg = Debug|Any CPU
		{C84DA391-E52B-4757-B50E-855F5D7DB3A3}.Debug|Any CPU.Build.0 = Debug|Any CPU
		{C84DA391-E52B-4757-B50E-855F5D7DB3A3}.Release|Any CPU.ActiveCfg = Release|Any CPU
		{C84DA391-E52B-4757-B50E-855F5D7DB3A3}.Release|Any CPU.Build.0 = Release|Any CPU
	EndGlobalSection
	GlobalSection(SolutionProperties) = preSolution
		HideSolutionNode = FALSE
	EndGlobalSection
	GlobalSection(ExtensibilityGlobals) = postSolution
		SolutionGuid = {7C7A6C32-018A-4965-B32D-0D5DF0A979CE}
	EndGlobalSection
EndGlobal
